// !$*UTF8*$!
{
	archiveVersion = 1;
	classes = {
	};
	objectVersion = 77;
	objects = {

/* Begin PBXContainerItemProxy section */
		88B28F992D94D91F0028B827 /* PBXContainerItemProxy */ = {
			isa = PBXContainerItemProxy;
			containerPortal = 88B28F802D94D91E0028B827 /* Project object */;
			proxyType = 1;
			remoteGlobalIDString = 88B28F872D94D91E0028B827;
			remoteInfo = VybeAI;
		};
		88B28FA32D94D91F0028B827 /* PBXContainerItemProxy */ = {
			isa = PBXContainerItemProxy;
			containerPortal = 88B28F802D94D91E0028B827 /* Project object */;
			proxyType = 1;
			remoteGlobalIDString = 88B28F872D94D91E0028B827;
			remoteInfo = VybeAI;
		};
/* End PBXContainerItemProxy section */

/* Begin PBXFileReference section */
		88B28F882D94D91E0028B827 /* VybeAI.app */ = {isa = PBXFileReference; explicitFileType = wrapper.application; includeInIndex = 0; path = VybeAI.app; sourceTree = BUILT_PRODUCTS_DIR; };
		88B28F982D94D91F0028B827 /* VybeAITests.xctest */ = {isa = PBXFileReference; explicitFileType = wrapper.cfbundle; includeInIndex = 0; path = VybeAITests.xctest; sourceTree = BUILT_PRODUCTS_DIR; };
		88B28FA22D94D91F0028B827 /* VybeAIUITests.xctest */ = {isa = PBXFileReference; explicitFileType = wrapper.cfbundle; includeInIndex = 0; path = VybeAIUITests.xctest; sourceTree = BUILT_PRODUCTS_DIR; };
/* End PBXFileReference section */

/* Begin PBXFileSystemSynchronizedRootGroup section */
		88B28F8A2D94D91E0028B827 /* VybeAI */ = {
			isa = PBXFileSystemSynchronizedRootGroup;
			path = VybeAI;
			sourceTree = "<group>";
		};
		88B28F9B2D94D91F0028B827 /* VybeAITests */ = {
			isa = PBXFileSystemSynchronizedRootGroup;
			path = VybeAITests;
			sourceTree = "<group>";
		};
		88B28FA52D94D91F0028B827 /* VybeAIUITests */ = {
			isa = PBXFileSystemSynchronizedRootGroup;
			path = VybeAIUITests;
			sourceTree = "<group>";
		};
/* End PBXFileSystemSynchronizedRootGroup section */

/* Begin PBXFrameworksBuildPhase section */
		88B28F852D94D91E0028B827 /* Frameworks */ = {
			isa = PBXFrameworksBuildPhase;
			buildActionMask = 2147483647;
			files = (
			);
			runOnlyForDeploymentPostprocessing = 0;
		};
		88B28F952D94D91F0028B827 /* Frameworks */ = {
			isa = PBXFrameworksBuildPhase;
			buildActionMask = 2147483647;
			files = (
			);
			runOnlyForDeploymentPostprocessing = 0;
		};
		88B28F9F2D94D91F0028B827 /* Frameworks */ = {
			isa = PBXFrameworksBuildPhase;
			buildActionMask = 2147483647;
			files = (
			);
			runOnlyForDeploymentPostprocessing = 0;
		};
/* End PBXFrameworksBuildPhase section */

/* Begin PBXGroup section */
		88B28F7F2D94D91E0028B827 = {
			isa = PBXGroup;
			children = (
				88B28F8A2D94D91E0028B827 /* VybeAI */,
				88B28F9B2D94D91F0028B827 /* VybeAITests */,
				88B28FA52D94D91F0028B827 /* VybeAIUITests */,
				88B28F892D94D91E0028B827 /* Products */,
			);
			sourceTree = "<group>";
		};
		88B28F892D94D91E0028B827 /* Products */ = {
			isa = PBXGroup;
			children = (
				88B28F882D94D91E0028B827 /* VybeAI.app */,
				88B28F982D94D91F0028B827 /* VybeAITests.xctest */,
				88B28FA22D94D91F0028B827 /* VybeAIUITests.xctest */,
			);
			name = Products;
			sourceTree = "<group>";
		};
/* End PBXGroup section */

/* Begin PBXNativeTarget section */
		88B28F872D94D91E0028B827 /* VybeAI */ = {
			isa = PBXNativeTarget;
			buildConfigurationList = 88B28FAC2D94D91F0028B827 /* Build configuration list for PBXNativeTarget "VybeAI" */;
			buildPhases = (
				88B28F842D94D91E0028B827 /* Sources */,
				88B28F852D94D91E0028B827 /* Frameworks */,
				88B28F862D94D91E0028B827 /* Resources */,
			);
			buildRules = (
			);
			dependencies = (
			);
			fileSystemSynchronizedGroups = (
				88B28F8A2D94D91E0028B827 /* VybeAI */,
			);
			name = VybeAI;
			packageProductDependencies = (
			);
			productName = VybeAI;
			productReference = 88B28F882D94D91E0028B827 /* VybeAI.app */;
			productType = "com.apple.product-type.application";
		};
		88B28F972D94D91F0028B827 /* VybeAITests */ = {
			isa = PBXNativeTarget;
			buildConfigurationList = 88B28FAF2D94D91F0028B827 /* Build configuration list for PBXNativeTarget "VybeAITests" */;
			buildPhases = (
				88B28F942D94D91F0028B827 /* Sources */,
				88B28F952D94D91F0028B827 /* Frameworks */,
				88B28F962D94D91F0028B827 /* Resources */,
			);
			buildRules = (
			);
			dependencies = (
				88B28F9A2D94D91F0028B827 /* PBXTargetDependency */,
			);
			fileSystemSynchronizedGroups = (
				88B28F9B2D94D91F0028B827 /* VybeAITests */,
			);
			name = VybeAITests;
			packageProductDependencies = (
			);
			productName = VybeAITests;
			productReference = 88B28F982D94D91F0028B827 /* VybeAITests.xctest */;
			productType = "com.apple.product-type.bundle.unit-test";
		};
		88B28FA12D94D91F0028B827 /* VybeAIUITests */ = {
			isa = PBXNativeTarget;
			buildConfigurationList = 88B28FB22D94D91F0028B827 /* Build configuration list for PBXNativeTarget "VybeAIUITests" */;
			buildPhases = (
				88B28F9E2D94D91F0028B827 /* Sources */,
				88B28F9F2D94D91F0028B827 /* Frameworks */,
				88B28FA02D94D91F0028B827 /* Resources */,
			);
			buildRules = (
			);
			dependencies = (
				88B28FA42D94D91F0028B827 /* PBXTargetDependency */,
			);
			fileSystemSynchronizedGroups = (
				88B28FA52D94D91F0028B827 /* VybeAIUITests */,
			);
			name = VybeAIUITests;
			packageProductDependencies = (
			);
			productName = VybeAIUITests;
			productReference = 88B28FA22D94D91F0028B827 /* VybeAIUITests.xctest */;
			productType = "com.apple.product-type.bundle.ui-testing";
		};
/* End PBXNativeTarget section */

/* Begin PBXProject section */
		88B28F802D94D91E0028B827 /* Project object */ = {
			isa = PBXProject;
			attributes = {
				BuildIndependentTargetsInParallel = 1;
				LastSwiftUpdateCheck = 1620;
				LastUpgradeCheck = 1620;
				TargetAttributes = {
					88B28F872D94D91E0028B827 = {
						CreatedOnToolsVersion = 16.2;
					};
					88B28F972D94D91F0028B827 = {
						CreatedOnToolsVersion = 16.2;
						TestTargetID = 88B28F872D94D91E0028B827;
					};
					88B28FA12D94D91F0028B827 = {
						CreatedOnToolsVersion = 16.2;
						TestTargetID = 88B28F872D94D91E0028B827;
					};
				};
			};
			buildConfigurationList = 88B28F832D94D91E0028B827 /* Build configuration list for PBXProject "VybeAI" */;
			developmentRegion = en;
			hasScannedForEncodings = 0;
			knownRegions = (
				en,
				Base,
			);
			mainGroup = 88B28F7F2D94D91E0028B827;
			minimizedProjectReferenceProxies = 1;
			preferredProjectObjectVersion = 77;
			productRefGroup = 88B28F892D94D91E0028B827 /* Products */;
			projectDirPath = "";
			projectRoot = "";
			targets = (
				88B28F872D94D91E0028B827 /* VybeAI */,
				88B28F972D94D91F0028B827 /* VybeAITests */,
				88B28FA12D94D91F0028B827 /* VybeAIUITests */,
			);
		};
/* End PBXProject section */

/* Begin PBXResourcesBuildPhase section */
		88B28F862D94D91E0028B827 /* Resources */ = {
			isa = PBXResourcesBuildPhase;
			buildActionMask = 2147483647;
			files = (
			);
			runOnlyForDeploymentPostprocessing = 0;
		};
		88B28F962D94D91F0028B827 /* Resources */ = {
			isa = PBXResourcesBuildPhase;
			buildActionMask = 2147483647;
			files = (
			);
			runOnlyForDeploymentPostprocessing = 0;
		};
		88B28FA02D94D91F0028B827 /* Resources */ = {
			isa = PBXResourcesBuildPhase;
			buildActionMask = 2147483647;
			files = (
			);
			runOnlyForDeploymentPostprocessing = 0;
		};
/* End PBXResourcesBuildPhase section */

/* Begin PBXSourcesBuildPhase section */
		88B28F842D94D91E0028B827 /* Sources */ = {
			isa = PBXSourcesBuildPhase;
			buildActionMask = 2147483647;
			files = (
			);
			runOnlyForDeploymentPostprocessing = 0;
		};
		88B28F942D94D91F0028B827 /* Sources */ = {
			isa = PBXSourcesBuildPhase;
			buildActionMask = 2147483647;
			files = (
			);
			runOnlyForDeploymentPostprocessing = 0;
		};
		88B28F9E2D94D91F0028B827 /* Sources */ = {
			isa = PBXSourcesBuildPhase;
			buildActionMask = 2147483647;
			files = (
			);
			runOnlyForDeploymentPostprocessing = 0;
		};
/* End PBXSourcesBuildPhase section */

/* Begin PBXTargetDependency section */
		88B28F9A2D94D91F0028B827 /* PBXTargetDependency */ = {
			isa = PBXTargetDependency;
			target = 88B28F872D94D91E0028B827 /* VybeAI */;
			targetProxy = 88B28F992D94D91F0028B827 /* PBXContainerItemProxy */;
		};
		88B28FA42D94D91F0028B827 /* PBXTargetDependency */ = {
			isa = PBXTargetDependency;
			target = 88B28F872D94D91E0028B827 /* VybeAI */;
			targetProxy = 88B28FA32D94D91F0028B827 /* PBXContainerItemProxy */;
		};
/* End PBXTargetDependency section */

/* Begin XCBuildConfiguration section */
		88B28FAA2D94D91F0028B827 /* Debug */ = {
			isa = XCBuildConfiguration;
			buildSettings = {
				ALWAYS_SEARCH_USER_PATHS = NO;
				ASSETCATALOG_COMPILER_GENERATE_SWIFT_ASSET_SYMBOL_EXTENSIONS = YES;
				CLANG_ANALYZER_NONNULL = YES;
				CLANG_ANALYZER_NUMBER_OBJECT_CONVERSION = YES_AGGRESSIVE;
				CLANG_CXX_LANGUAGE_STANDARD = "gnu++20";
				CLANG_ENABLE_MODULES = YES;
				CLANG_ENABLE_OBJC_ARC = YES;
				CLANG_ENABLE_OBJC_WEAK = YES;
				CLANG_WARN_BLOCK_CAPTURE_AUTORELEASING = YES;
				CLANG_WARN_BOOL_CONVERSION = YES;
				CLANG_WARN_COMMA = YES;
				CLANG_WARN_CONSTANT_CONVERSION = YES;
				CLANG_WARN_DEPRECATED_OBJC_IMPLEMENTATIONS = YES;
				CLANG_WARN_DIRECT_OBJC_ISA_USAGE = YES_ERROR;
				CLANG_WARN_DOCUMENTATION_COMMENTS = YES;
				CLANG_WARN_EMPTY_BODY = YES;
				CLANG_WARN_ENUM_CONVERSION = YES;
				CLANG_WARN_INFINITE_RECURSION = YES;
				CLANG_WARN_INT_CONVERSION = YES;
				CLANG_WARN_NON_LITERAL_NULL_CONVERSION = YES;
				CLANG_WARN_OBJC_IMPLICIT_RETAIN_SELF = YES;
				CLANG_WARN_OBJC_LITERAL_CONVERSION = YES;
				CLANG_WARN_OBJC_ROOT_CLASS = YES_ERROR;
				CLANG_WARN_QUOTED_INCLUDE_IN_FRAMEWORK_HEADER = YES;
				CLANG_WARN_RANGE_LOOP_ANALYSIS = YES;
				CLANG_WARN_STRICT_PROTOTYPES = YES;
				CLANG_WARN_SUSPICIOUS_MOVE = YES;
				CLANG_WARN_UNGUARDED_AVAILABILITY = YES_AGGRESSIVE;
				CLANG_WARN_UNREACHABLE_CODE = YES;
				CLANG_WARN__DUPLICATE_METHOD_MATCH = YES;
				COPY_PHASE_STRIP = NO;
				DEBUG_INFORMATION_FORMAT = dwarf;
				ENABLE_STRICT_OBJC_MSGSEND = YES;
				ENABLE_TESTABILITY = YES;
				ENABLE_USER_SCRIPT_SANDBOXING = YES;
				GCC_C_LANGUAGE_STANDARD = gnu17;
				GCC_DYNAMIC_NO_PIC = NO;
				GCC_NO_COMMON_BLOCKS = YES;
				GCC_OPTIMIZATION_LEVEL = 0;
				GCC_PREPROCESSOR_DEFINITIONS = (
					"DEBUG=1",
					"$(inherited)",
				);
				GCC_WARN_64_TO_32_BIT_CONVERSION = YES;
				GCC_WARN_ABOUT_RETURN_TYPE = YES_ERROR;
				GCC_WARN_UNDECLARED_SELECTOR = YES;
				GCC_WARN_UNINITIALIZED_AUTOS = YES_AGGRESSIVE;
				GCC_WARN_UNUSED_FUNCTION = YES;
				GCC_WARN_UNUSED_VARIABLE = YES;
				IPHONEOS_DEPLOYMENT_TARGET = 18.2;
				LOCALIZATION_PREFERS_STRING_CATALOGS = YES;
				MTL_ENABLE_DEBUG_INFO = INCLUDE_SOURCE;
				MTL_FAST_MATH = YES;
				ONLY_ACTIVE_ARCH = YES;
				SDKROOT = iphoneos;
				SWIFT_ACTIVE_COMPILATION_CONDITIONS = "DEBUG $(inherited)";
				SWIFT_OPTIMIZATION_LEVEL = "-Onone";
			};
			name = Debug;
		};
		88B28FAB2D94D91F0028B827 /* Release */ = {
			isa = XCBuildConfiguration;
			buildSettings = {
				ALWAYS_SEARCH_USER_PATHS = NO;
				ASSETCATALOG_COMPILER_GENERATE_SWIFT_ASSET_SYMBOL_EXTENSIONS = YES;
				CLANG_ANALYZER_NONNULL = YES;
				CLANG_ANALYZER_NUMBER_OBJECT_CONVERSION = YES_AGGRESSIVE;
				CLANG_CXX_LANGUAGE_STANDARD = "gnu++20";
				CLANG_ENABLE_MODULES = YES;
				CLANG_ENABLE_OBJC_ARC = YES;
				CLANG_ENABLE_OBJC_WEAK = YES;
				CLANG_WARN_BLOCK_CAPTURE_AUTORELEASING = YES;
				CLANG_WARN_BOOL_CONVERSION = YES;
				CLANG_WARN_COMMA = YES;
				CLANG_WARN_CONSTANT_CONVERSION = YES;
				CLANG_WARN_DEPRECATED_OBJC_IMPLEMENTATIONS = YES;
				CLANG_WARN_DIRECT_OBJC_ISA_USAGE = YES_ERROR;
				CLANG_WARN_DOCUMENTATION_COMMENTS = YES;
				CLANG_WARN_EMPTY_BODY = YES;
				CLANG_WARN_ENUM_CONVERSION = YES;
				CLANG_WARN_INFINITE_RECURSION = YES;
				CLANG_WARN_INT_CONVERSION = YES;
				CLANG_WARN_NON_LITERAL_NULL_CONVERSION = YES;
				CLANG_WARN_OBJC_IMPLICIT_RETAIN_SELF = YES;
				CLANG_WARN_OBJC_LITERAL_CONVERSION = YES;
				CLANG_WARN_OBJC_ROOT_CLASS = YES_ERROR;
				CLANG_WARN_QUOTED_INCLUDE_IN_FRAMEWORK_HEADER = YES;
				CLANG_WARN_RANGE_LOOP_ANALYSIS = YES;
				CLANG_WARN_STRICT_PROTOTYPES = YES;
				CLANG_WARN_SUSPICIOUS_MOVE = YES;
				CLANG_WARN_UNGUARDED_AVAILABILITY = YES_AGGRESSIVE;
				CLANG_WARN_UNREACHABLE_CODE = YES;
				CLANG_WARN__DUPLICATE_METHOD_MATCH = YES;
				COPY_PHASE_STRIP = NO;
				DEBUG_INFORMATION_FORMAT = "dwarf-with-dsym";
				ENABLE_NS_ASSERTIONS = NO;
				ENABLE_STRICT_OBJC_MSGSEND = YES;
				ENABLE_USER_SCRIPT_SANDBOXING = YES;
				GCC_C_LANGUAGE_STANDARD = gnu17;
				GCC_NO_COMMON_BLOCKS = YES;
				GCC_WARN_64_TO_32_BIT_CONVERSION = YES;
				GCC_WARN_ABOUT_RETURN_TYPE = YES_ERROR;
				GCC_WARN_UNDECLARED_SELECTOR = YES;
				GCC_WARN_UNINITIALIZED_AUTOS = YES_AGGRESSIVE;
				GCC_WARN_UNUSED_FUNCTION = YES;
				GCC_WARN_UNUSED_VARIABLE = YES;
				IPHONEOS_DEPLOYMENT_TARGET = 18.2;
				LOCALIZATION_PREFERS_STRING_CATALOGS = YES;
				MTL_ENABLE_DEBUG_INFO = NO;
				MTL_FAST_MATH = YES;
				SDKROOT = iphoneos;
				SWIFT_COMPILATION_MODE = wholemodule;
				VALIDATE_PRODUCT = YES;
			};
			name = Release;
		};
		88B28FAD2D94D91F0028B827 /* Debug */ = {
			isa = XCBuildConfiguration;
			buildSettings = {
				ASSETCATALOG_COMPILER_APPICON_NAME = AppIcon;
				ASSETCATALOG_COMPILER_GLOBAL_ACCENT_COLOR_NAME = AccentColor;
				CODE_SIGN_STYLE = Automatic;
				CURRENT_PROJECT_VERSION = 1;
				DEVELOPMENT_ASSET_PATHS = "\"VybeAI/Preview Content\"";
				DEVELOPMENT_TEAM = 92493ZAN98;
				ENABLE_PREVIEWS = YES;
				GENERATE_INFOPLIST_FILE = YES;
				INFOPLIST_KEY_NSCameraUsageDescription = "VybeAI needs access to your camera to take photos for AI transformation.";
				INFOPLIST_KEY_NSPhotoLibraryUsageDescription = "VybeAI needs access to your photo library to save and load images.";
				INFOPLIST_KEY_UIApplicationSceneManifest_Generation = YES;
				INFOPLIST_KEY_UIApplicationSupportsIndirectInputEvents = YES;
				INFOPLIST_KEY_UILaunchScreen_Generation = YES;
				INFOPLIST_KEY_UISupportedInterfaceOrientations_iPad = "UIInterfaceOrientationPortrait UIInterfaceOrientationPortraitUpsideDown UIInterfaceOrientationLandscapeLeft UIInterfaceOrientationLandscapeRight";
				INFOPLIST_KEY_UISupportedInterfaceOrientations_iPhone = "UIInterfaceOrientationPortrait UIInterfaceOrientationLandscapeLeft UIInterfaceOrientationLandscapeRight";
				LD_RUNPATH_SEARCH_PATHS = (
					"$(inherited)",
					"@executable_path/Frameworks",
				);
				MARKETING_VERSION = 1.0;
				PRODUCT_BUNDLE_IDENTIFIER = com.jm.VybeAI;
				PRODUCT_NAME = "$(TARGET_NAME)";
				SWIFT_EMIT_LOC_STRINGS = YES;
				SWIFT_VERSION = 5.0;
				TARGETED_DEVICE_FAMILY = "1,2";
			};
			name = Debug;
		};
		88B28FAE2D94D91F0028B827 /* Release */ = {
			isa = XCBuildConfiguration;
			buildSettings = {
				ASSETCATALOG_COMPILER_APPICON_NAME = AppIcon;
				ASSETCATALOG_COMPILER_GLOBAL_ACCENT_COLOR_NAME = AccentColor;
				CODE_SIGN_STYLE = Automatic;
				CURRENT_PROJECT_VERSION = 1;
				DEVELOPMENT_ASSET_PATHS = "\"VybeAI/Preview Content\"";
				DEVELOPMENT_TEAM = 92493ZAN98;
				ENABLE_PREVIEWS = YES;
				GENERATE_INFOPLIST_FILE = YES;
				INFOPLIST_KEY_NSCameraUsageDescription = "VybeAI needs access to your camera to take photos for AI transformation.";
				INFOPLIST_KEY_NSPhotoLibraryUsageDescription = "VybeAI needs access to your photo library to save and load images.";
				INFOPLIST_KEY_UIApplicationSceneManifest_Generation = YES;
				INFOPLIST_KEY_UIApplicationSupportsIndirectInputEvents = YES;
				INFOPLIST_KEY_UILaunchScreen_Generation = YES;
				INFOPLIST_KEY_UISupportedInterfaceOrientations_iPad = "UIInterfaceOrientationPortrait UIInterfaceOrientationPortraitUpsideDown UIInterfaceOrientationLandscapeLeft UIInterfaceOrientationLandscapeRight";
				INFOPLIST_KEY_UISupportedInterfaceOrientations_iPhone = "UIInterfaceOrientationPortrait UIInterfaceOrientationLandscapeLeft UIInterfaceOrientationLandscapeRight";
				LD_RUNPATH_SEARCH_PATHS = (
					"$(inherited)",
					"@executable_path/Frameworks",
				);
				MARKETING_VERSION = 1.0;
				PRODUCT_BUNDLE_IDENTIFIER = com.jm.VybeAI;
				PRODUCT_NAME = "$(TARGET_NAME)";
				SWIFT_EMIT_LOC_STRINGS = YES;
				SWIFT_VERSION = 5.0;
				TARGETED_DEVICE_FAMILY = "1,2";
			};
			name = Release;
		};
		88B28FB02D94D91F0028B827 /* Debug */ = {
			isa = XCBuildConfiguration;
			buildSettings = {
				BUNDLE_LOADER = "$(TEST_HOST)";
				CODE_SIGN_STYLE = Automatic;
				CURRENT_PROJECT_VERSION = 1;
				DEVELOPMENT_TEAM = 92493ZAN98;
				GENERATE_INFOPLIST_FILE = YES;
				IPHONEOS_DEPLOYMENT_TARGET = 18.2;
				MARKETING_VERSION = 1.0;
				PRODUCT_BUNDLE_IDENTIFIER = com.jm.VybeAITests;
				PRODUCT_NAME = "$(TARGET_NAME)";
				SWIFT_EMIT_LOC_STRINGS = NO;
				SWIFT_VERSION = 5.0;
				TARGETED_DEVICE_FAMILY = "1,2";
				TEST_HOST = "$(BUILT_PRODUCTS_DIR)/VybeAI.app/$(BUNDLE_EXECUTABLE_FOLDER_PATH)/VybeAI";
			};
			name = Debug;
		};
		88B28FB12D94D91F0028B827 /* Release */ = {
			isa = XCBuildConfiguration;
			buildSettings = {
				BUNDLE_LOADER = "$(TEST_HOST)";
				CODE_SIGN_STYLE = Automatic;
				CURRENT_PROJECT_VERSION = 1;
				DEVELOPMENT_TEAM = 92493ZAN98;
				GENERATE_INFOPLIST_FILE = YES;
				IPHONEOS_DEPLOYMENT_TARGET = 18.2;
				MARKETING_VERSION = 1.0;
				PRODUCT_BUNDLE_IDENTIFIER = com.jm.VybeAITests;
				PRODUCT_NAME = "$(TARGET_NAME)";
				SWIFT_EMIT_LOC_STRINGS = NO;
				SWIFT_VERSION = 5.0;
				TARGETED_DEVICE_FAMILY = "1,2";
				TEST_HOST = "$(BUILT_PRODUCTS_DIR)/VybeAI.app/$(BUNDLE_EXECUTABLE_FOLDER_PATH)/VybeAI";
			};
			name = Release;
		};
		88B28FB32D94D91F0028B827 /* Debug */ = {
			isa = XCBuildConfiguration;
			buildSettings = {
				CODE_SIGN_STYLE = Automatic;
				CURRENT_PROJECT_VERSION = 1;
				DEVELOPMENT_TEAM = 92493ZAN98;
				GENERATE_INFOPLIST_FILE = YES;
				MARKETING_VERSION = 1.0;
				PRODUCT_BUNDLE_IDENTIFIER = com.jm.VybeAIUITests;
				PRODUCT_NAME = "$(TARGET_NAME)";
				SWIFT_EMIT_LOC_STRINGS = NO;
				SWIFT_VERSION = 5.0;
				TARGETED_DEVICE_FAMILY = "1,2";
				TEST_TARGET_NAME = VybeAI;
			};
			name = Debug;
		};
		88B28FB42D94D91F0028B827 /* Release */ = {
			isa = XCBuildConfiguration;
			buildSettings = {
				CODE_SIGN_STYLE = Automatic;
				CURRENT_PROJECT_VERSION = 1;
				DEVELOPMENT_TEAM = 92493ZAN98;
				GENERATE_INFOPLIST_FILE = YES;
				MARKETING_VERSION = 1.0;
				PRODUCT_BUNDLE_IDENTIFIER = com.jm.VybeAIUITests;
				PRODUCT_NAME = "$(TARGET_NAME)";
				SWIFT_EMIT_LOC_STRINGS = NO;
				SWIFT_VERSION = 5.0;
				TARGETED_DEVICE_FAMILY = "1,2";
				TEST_TARGET_NAME = VybeAI;
			};
			name = Release;
		};
/* End XCBuildConfiguration section */

/* Begin XCConfigurationList section */
		88B28F832D94D91E0028B827 /* Build configuration list for PBXProject "VybeAI" */ = {
			isa = XCConfigurationList;
			buildConfigurations = (
				88B28FAA2D94D91F0028B827 /* Debug */,
				88B28FAB2D94D91F0028B827 /* Release */,
			);
			defaultConfigurationIsVisible = 0;
			defaultConfigurationName = Release;
		};
		88B28FAC2D94D91F0028B827 /* Build configuration list for PBXNativeTarget "VybeAI" */ = {
			isa = XCConfigurationList;
			buildConfigurations = (
				88B28FAD2D94D91F0028B827 /* Debug */,
				88B28FAE2D94D91F0028B827 /* Release */,
			);
			defaultConfigurationIsVisible = 0;
			defaultConfigurationName = Release;
		};
		88B28FAF2D94D91F0028B827 /* Build configuration list for PBXNativeTarget "VybeAITests" */ = {
			isa = XCConfigurationList;
			buildConfigurations = (
				88B28FB02D94D91F0028B827 /* Debug */,
				88B28FB12D94D91F0028B827 /* Release */,
			);
			defaultConfigurationIsVisible = 0;
			defaultConfigurationName = Release;
		};
		88B28FB22D94D91F0028B827 /* Build configuration list for PBXNativeTarget "VybeAIUITests" */ = {
			isa = XCConfigurationList;
			buildConfigurations = (
				88B28FB32D94D91F0028B827 /* Debug */,
				88B28FB42D94D91F0028B827 /* Release */,
			);
			defaultConfigurationIsVisible = 0;
			defaultConfigurationName = Release;
		};
/* End XCConfigurationList section */
	};
	rootObject = 88B28F802D94D91E0028B827 /* Project object */;
}
